// !$*UTF8*$!
{
	archiveVersion = 1;
	classes = {
	};
	objectVersion = 56;
	objects = {

/* Begin PBXBuildFile section */
		AA0001001 /* FindMeApp.swift in Sources */ = {isa = PBXBuildFile; fileRef = AA0002001 /* FindMeApp.swift */; };
		AA0001002 /* ContentView.swift in Sources */ = {isa = PBXBuildFile; fileRef = AA0002002 /* ContentView.swift */; };
		AA0001003 /* HomeView.swift in Sources */ = {isa = PBXBuildFile; fileRef = AA0002003 /* HomeView.swift */; };
		AA0001004 /* SearchView.swift in Sources */ = {isa = PBXBuildFile; fileRef = AA0002004 /* SearchView.swift */; };
		AA0001005 /* QRDetailView.swift in Sources */ = {isa = PBXBuildFile; fileRef = AA0002005 /* QRDetailView.swift */; };
		AA0001006 /* SavedLocationsView.swift in Sources */ = {isa = PBXBuildFile; fileRef = AA0002006 /* SavedLocationsView.swift */; };
		AA0001007 /* SettingsView.swift in Sources */ = {isa = PBXBuildFile; fileRef = AA0002007 /* SettingsView.swift */; };
		AA0001008 /* DataManager.swift in Sources */ = {isa = PBXBuildFile; fileRef = AA0002008 /* DataManager.swift */; };
		AA0001009 /* LocationManager.swift in Sources */ = {isa = PBXBuildFile; fileRef = AA0002009 /* LocationManager.swift */; };
		AA0001010 /* SharedModels.swift in Sources */ = {isa = PBXBuildFile; fileRef = AA0002010 /* SharedModels.swift */; };
		AA0001011 /* QRGenerator.swift in Sources */ = {isa = PBXBuildFile; fileRef = AA0002011 /* QRGenerator.swift */; };
		AA0001012 /* Assets.xcassets in Resources */ = {isa = PBXBuildFile; fileRef = AA0002012 /* Assets.xcassets */; };
		AA0001013 /* Preview Assets.xcassets in Resources */ = {isa = PBXBuildFile; fileRef = AA0002013 /* Preview Assets.xcassets */; };
		AA0001014 /* NotificationManager.swift in Sources */ = {isa = PBXBuildFile; fileRef = AA0002016 /* NotificationManager.swift */; };
		AA0001015 /* NotificationsView.swift in Sources */ = {isa = PBXBuildFile; fileRef = AA0002017 /* NotificationsView.swift */; };
		AA0001016 /* NotificationService.swift in Sources */ = {isa = PBXBuildFile; fileRef = AA0002018 /* NotificationService.swift */; };
		BB0001001 /* FindMeClipApp.swift in Sources */ = {isa = PBXBuildFile; fileRef = BB0002001 /* FindMeClipApp.swift */; };
		BB0001002 /* ClipContentView.swift in Sources */ = {isa = PBXBuildFile; fileRef = BB0002002 /* ClipContentView.swift */; };
		BB0001003 /* SharedModels.swift in Sources */ = {isa = PBXBuildFile; fileRef = AA0002010 /* SharedModels.swift */; };
		BB0001004 /* QRGenerator.swift in Sources */ = {isa = PBXBuildFile; fileRef = AA0002011 /* QRGenerator.swift */; };
		BB0001005 /* Assets.xcassets in Resources */ = {isa = PBXBuildFile; fileRef = BB0002005 /* Assets.xcassets */; };
		BB0001006 /* FindMeClip.app in Embed App Clips */ = {isa = PBXBuildFile; fileRef = BB0003001 /* FindMeClip.app */; settings = {ATTRIBUTES = (RemoveHeadersOnCopy, ); }; };
		BB0001007 /* NotificationService.swift in Sources */ = {isa = PBXBuildFile; fileRef = AA0002018 /* NotificationService.swift */; };
/* End PBXBuildFile section */

/* Begin PBXContainerItemProxy section */
		BB0004001 /* PBXContainerItemProxy */ = {
			isa = PBXContainerItemProxy;
			containerPortal = AA0005001 /* Project object */;
			proxyType = 1;
			remoteGlobalIDString = BB0003002;
			remoteInfo = FindMeClip;
		};
/* End PBXContainerItemProxy section */

/* Begin PBXCopyFilesBuildPhase section */
		BB0006001 /* Embed App Clips */ = {
			isa = PBXCopyFilesBuildPhase;
			buildActionMask = 2147483647;
			dstPath = "$(CONTENTS_FOLDER_PATH)/AppClips";
			dstSubfolderSpec = 16;
			files = (
				BB0001006 /* FindMeClip.app in Embed App Clips */,
			);
			name = "Embed App Clips";
			runOnlyForDeploymentPostprocessing = 0;
		};
/* End PBXCopyFilesBuildPhase section */

/* Begin PBXFileReference section */
		AA0002001 /* FindMeApp.swift */ = {isa = PBXFileReference; lastKnownFileType = sourcecode.swift; path = FindMeApp.swift; sourceTree = "<group>"; };
		AA0002002 /* ContentView.swift */ = {isa = PBXFileReference; lastKnownFileType = sourcecode.swift; path = ContentView.swift; sourceTree = "<group>"; };
		AA0002003 /* HomeView.swift */ = {isa = PBXFileReference; lastKnownFileType = sourcecode.swift; path = HomeView.swift; sourceTree = "<group>"; };
		AA0002004 /* SearchView.swift */ = {isa = PBXFileReference; lastKnownFileType = sourcecode.swift; path = SearchView.swift; sourceTree = "<group>"; };
		AA0002005 /* QRDetailView.swift */ = {isa = PBXFileReference; lastKnownFileType = sourcecode.swift; path = QRDetailView.swift; sourceTree = "<group>"; };
		AA0002006 /* SavedLocationsView.swift */ = {isa = PBXFileReference; lastKnownFileType = sourcecode.swift; path = SavedLocationsView.swift; sourceTree = "<group>"; };
		AA0002007 /* SettingsView.swift */ = {isa = PBXFileReference; lastKnownFileType = sourcecode.swift; path = SettingsView.swift; sourceTree = "<group>"; };
		AA0002008 /* DataManager.swift */ = {isa = PBXFileReference; lastKnownFileType = sourcecode.swift; path = DataManager.swift; sourceTree = "<group>"; };
		AA0002009 /* LocationManager.swift */ = {isa = PBXFileReference; lastKnownFileType = sourcecode.swift; path = LocationManager.swift; sourceTree = "<group>"; };
		AA0002010 /* SharedModels.swift */ = {isa = PBXFileReference; lastKnownFileType = sourcecode.swift; path = SharedModels.swift; sourceTree = "<group>"; };
		AA0002011 /* QRGenerator.swift */ = {isa = PBXFileReference; lastKnownFileType = sourcecode.swift; path = QRGenerator.swift; sourceTree = "<group>"; };
		AA0002012 /* Assets.xcassets */ = {isa = PBXFileReference; lastKnownFileType = folder.assetcatalog; path = Assets.xcassets; sourceTree = "<group>"; };
		AA0002013 /* Preview Assets.xcassets */ = {isa = PBXFileReference; lastKnownFileType = folder.assetcatalog; path = "Preview Assets.xcassets"; sourceTree = "<group>"; };
		AA0002014 /* Info.plist */ = {isa = PBXFileReference; lastKnownFileType = text.plist.xml; path = Info.plist; sourceTree = "<group>"; };
		AA0002015 /* FindMe.entitlements */ = {isa = PBXFileReference; lastKnownFileType = text.plist.entitlements; path = FindMe.entitlements; sourceTree = "<group>"; };
		AA0002016 /* NotificationManager.swift */ = {isa = PBXFileReference; lastKnownFileType = sourcecode.swift; path = NotificationManager.swift; sourceTree = "<group>"; };
		AA0002017 /* NotificationsView.swift */ = {isa = PBXFileReference; lastKnownFileType = sourcecode.swift; path = NotificationsView.swift; sourceTree = "<group>"; };
		AA0002018 /* NotificationService.swift */ = {isa = PBXFileReference; lastKnownFileType = sourcecode.swift; path = NotificationService.swift; sourceTree = "<group>"; };
		AA0003001 /* FindMe.app */ = {isa = PBXFileReference; explicitFileType = wrapper.application; includeInIndex = 0; path = FindMe.app; sourceTree = BUILT_PRODUCTS_DIR; };
		BB0002001 /* FindMeClipApp.swift */ = {isa = PBXFileReference; lastKnownFileType = sourcecode.swift; path = FindMeClipApp.swift; sourceTree = "<group>"; };
		BB0002002 /* ClipContentView.swift */ = {isa = PBXFileReference; lastKnownFileType = sourcecode.swift; path = ClipContentView.swift; sourceTree = "<group>"; };
		BB0002005 /* Assets.xcassets */ = {isa = PBXFileReference; lastKnownFileType = folder.assetcatalog; path = Assets.xcassets; sourceTree = "<group>"; };
		BB0002006 /* Info.plist */ = {isa = PBXFileReference; lastKnownFileType = text.plist.xml; path = Info.plist; sourceTree = "<group>"; };
		BB0002007 /* FindMeClip.entitlements */ = {isa = PBXFileReference; lastKnownFileType = text.plist.entitlements; path = FindMeClip.entitlements; sourceTree = "<group>"; };
		BB0003001 /* FindMeClip.app */ = {isa = PBXFileReference; explicitFileType = wrapper.application; includeInIndex = 0; path = FindMeClip.app; sourceTree = BUILT_PRODUCTS_DIR; };
/* End PBXFileReference section */

/* Begin PBXFrameworksBuildPhase section */
		AA0007001 /* Frameworks */ = {
			isa = PBXFrameworksBuildPhase;
			buildActionMask = 2147483647;
			files = (
			);
			runOnlyForDeploymentPostprocessing = 0;
		};
		BB0007001 /* Frameworks */ = {
			isa = PBXFrameworksBuildPhase;
			buildActionMask = 2147483647;
			files = (
			);
			runOnlyForDeploymentPostprocessing = 0;
		};
/* End PBXFrameworksBuildPhase section */

/* Begin PBXGroup section */
		AA0008001 = {
			isa = PBXGroup;
			children = (
				AA0008002 /* FindMe */,
				AA0008003 /* Shared */,
				BB0008001 /* FindMeClip */,
				AA0008004 /* Products */,
			);
			sourceTree = "<group>";
		};
		AA0008002 /* FindMe */ = {
			isa = PBXGroup;
			children = (
				AA0002015 /* FindMe.entitlements */,
				AA0002001 /* FindMeApp.swift */,
				AA0002002 /* ContentView.swift */,
				AA0002003 /* HomeView.swift */,
				AA0002004 /* SearchView.swift */,
				AA0002005 /* QRDetailView.swift */,
				AA0002006 /* SavedLocationsView.swift */,
				AA0002007 /* SettingsView.swift */,
				AA0002008 /* DataManager.swift */,
				AA0002009 /* LocationManager.swift */,
				AA0002016 /* NotificationManager.swift */,
				AA0002017 /* NotificationsView.swift */,
				AA0002012 /* Assets.xcassets */,
				AA0002014 /* Info.plist */,
				AA0008005 /* Preview Content */,
			);
			path = FindMe;
			sourceTree = "<group>";
		};
		AA0008003 /* Shared */ = {
			isa = PBXGroup;
			children = (
				AA0002010 /* SharedModels.swift */,
				AA0002011 /* QRGenerator.swift */,
				AA0002018 /* NotificationService.swift */,
			);
			path = Shared;
			sourceTree = "<group>";
		};
		AA0008004 /* Products */ = {
			isa = PBXGroup;
			children = (
				AA0003001 /* FindMe.app */,
				BB0003001 /* FindMeClip.app */,
			);
			name = Products;
			sourceTree = "<group>";
		};
		AA0008005 /* Preview Content */ = {
			isa = PBXGroup;
			children = (
				AA0002013 /* Preview Assets.xcassets */,
			);
			path = "Preview Content";
			sourceTree = "<group>";
		};
		BB0008001 /* FindMeClip */ = {
			isa = PBXGroup;
			children = (
				BB0002007 /* FindMeClip.entitlements */,
				BB0002001 /* FindMeClipApp.swift */,
				BB0002002 /* ClipContentView.swift */,
				BB0002005 /* Assets.xcassets */,
				BB0002006 /* Info.plist */,
			);
			path = FindMeClip;
			sourceTree = "<group>";
		};
/* End PBXGroup section */

/* Begin PBXNativeTarget section */
		AA0009001 /* FindMe */ = {
			isa = PBXNativeTarget;
			buildConfigurationList = AA0010001 /* Build configuration list for PBXNativeTarget "FindMe" */;
			buildPhases = (
				AA0011001 /* Sources */,
				AA0007001 /* Frameworks */,
				AA0012001 /* Resources */,
				BB0006001 /* Embed App Clips */,
			);
			buildRules = (
			);
			dependencies = (
				BB0004002 /* PBXTargetDependency */,
			);
			name = FindMe;
			productName = FindMe;
			productReference = AA0003001 /* FindMe.app */;
			productType = "com.apple.product-type.application";
		};
		BB0003002 /* FindMeClip */ = {
			isa = PBXNativeTarget;
			buildConfigurationList = BB0010001 /* Build configuration list for PBXNativeTarget "FindMeClip" */;
			buildPhases = (
				BB0011001 /* Sources */,
				BB0007001 /* Frameworks */,
				BB0012001 /* Resources */,
			);
			buildRules = (
			);
			dependencies = (
			);
			name = FindMeClip;
			productName = FindMeClip;
			productReference = BB0003001 /* FindMeClip.app */;
			productType = "com.apple.product-type.application.on-demand-install-capable";
		};
/* End PBXNativeTarget section */

/* Begin PBXProject section */
		AA0005001 /* Project object */ = {
			isa = PBXProject;
			attributes = {
				BuildIndependentTargetsInParallel = 1;
				LastSwiftUpdateCheck = 1500;
				LastUpgradeCheck = 1500;
				TargetAttributes = {
					AA0009001 = {
						CreatedOnToolsVersion = 15.0;
					};
					BB0003002 = {
						CreatedOnToolsVersion = 15.0;
					};
				};
			};
			buildConfigurationList = AA0010002 /* Build configuration list for PBXProject "FindMe" */;
			compatibilityVersion = "Xcode 14.0";
			developmentRegion = en;
			hasScannedForEncodings = 0;
			knownRegions = (
				en,
				Base,
				ko,
			);
			mainGroup = AA0008001;
			productRefGroup = AA0008004 /* Products */;
			projectDirPath = "";
			projectRoot = "";
			targets = (
				AA0009001 /* FindMe */,
				BB0003002 /* FindMeClip */,
			);
		};
/* End PBXProject section */

/* Begin PBXResourcesBuildPhase section */
		AA0012001 /* Resources */ = {
			isa = PBXResourcesBuildPhase;
			buildActionMask = 2147483647;
			files = (
				AA0001012 /* Assets.xcassets in Resources */,
				AA0001013 /* Preview Assets.xcassets in Resources */,
			);
			runOnlyForDeploymentPostprocessing = 0;
		};
		BB0012001 /* Resources */ = {
			isa = PBXResourcesBuildPhase;
			buildActionMask = 2147483647;
			files = (
				BB0001005 /* Assets.xcassets in Resources */,
			);
			runOnlyForDeploymentPostprocessing = 0;
		};
/* End PBXResourcesBuildPhase section */

/* Begin PBXSourcesBuildPhase section */
		AA0011001 /* Sources */ = {
			isa = PBXSourcesBuildPhase;
			buildActionMask = 2147483647;
			files = (
				AA0001001 /* FindMeApp.swift in Sources */,
				AA0001002 /* ContentView.swift in Sources */,
				AA0001003 /* HomeView.swift in Sources */,
				AA0001004 /* SearchView.swift in Sources */,
				AA0001005 /* QRDetailView.swift in Sources */,
				AA0001006 /* SavedLocationsView.swift in Sources */,
				AA0001007 /* SettingsView.swift in Sources */,
				AA0001008 /* DataManager.swift in Sources */,
				AA0001009 /* LocationManager.swift in Sources */,
				AA0001010 /* SharedModels.swift in Sources */,
				AA0001011 /* QRGenerator.swift in Sources */,
				AA0001014 /* NotificationManager.swift in Sources */,
				AA0001015 /* NotificationsView.swift in Sources */,
				AA0001016 /* NotificationService.swift in Sources */,
			);
			runOnlyForDeploymentPostprocessing = 0;
		};
		BB0011001 /* Sources */ = {
			isa = PBXSourcesBuildPhase;
			buildActionMask = 2147483647;
			files = (
				BB0001001 /* FindMeClipApp.swift in Sources */,
				BB0001002 /* ClipContentView.swift in Sources */,
				BB0001003 /* SharedModels.swift in Sources */,
				BB0001004 /* QRGenerator.swift in Sources */,
				BB0001007 /* NotificationService.swift in Sources */,
			);
			runOnlyForDeploymentPostprocessing = 0;
		};
/* End PBXSourcesBuildPhase section */

/* Begin PBXTargetDependency section */
		BB0004002 /* PBXTargetDependency */ = {
			isa = PBXTargetDependency;
			target = BB0003002 /* FindMeClip */;
			targetProxy = BB0004001 /* PBXContainerItemProxy */;
		};
/* End PBXTargetDependency section */

/* Begin XCBuildConfiguration section */
		AA0013001 /* Debug */ = {
			isa = XCBuildConfiguration;
			buildSettings = {
				ALWAYS_SEARCH_USER_PATHS = NO;
				ASSETCATALOG_COMPILER_GENERATE_SWIFT_ASSET_SYMBOL_EXTENSIONS = YES;
				CLANG_ANALYZER_NONNULL = YES;
				CLANG_ANALYZER_NUMBER_OBJECT_CONVERSION = YES_AGGRESSIVE;
				CLANG_CXX_LANGUAGE_STANDARD = "gnu++20";
				CLANG_ENABLE_MODULES = YES;
				CLANG_ENABLE_OBJC_ARC = YES;
				CLANG_ENABLE_OBJC_WEAK = YES;
				CLANG_WARN_BLOCK_CAPTURE_AUTORELEASING = YES;
				CLANG_WARN_BOOL_CONVERSION = YES;
				CLANG_WARN_COMMA = YES;
				CLANG_WARN_CONSTANT_CONVERSION = YES;
				CLANG_WARN_DEPRECATED_OBJC_IMPLEMENTATIONS = YES;
				CLANG_WARN_DIRECT_OBJC_ISA_USAGE = YES_ERROR;
				CLANG_WARN_DOCUMENTATION_COMMENTS = YES;
				CLANG_WARN_EMPTY_BODY = YES;
				CLANG_WARN_ENUM_CONVERSION = YES;
				CLANG_WARN_INFINITE_RECURSION = YES;
				CLANG_WARN_INT_CONVERSION = YES;
				CLANG_WARN_NON_LITERAL_NULL_CONVERSION = YES;
				CLANG_WARN_OBJC_IMPLICIT_RETAIN_SELF = YES;
				CLANG_WARN_OBJC_LITERAL_CONVERSION = YES;
				CLANG_WARN_OBJC_ROOT_CLASS = YES_ERROR;
				CLANG_WARN_QUOTED_INCLUDE_IN_FRAMEWORK_HEADER = YES;
				CLANG_WARN_RANGE_LOOP_ANALYSIS = YES;
				CLANG_WARN_STRICT_PROTOTYPES = YES;
				CLANG_WARN_SUSPICIOUS_MOVE = YES;
				CLANG_WARN_UNGUARDED_AVAILABILITY = YES_AGGRESSIVE;
				CLANG_WARN_UNREACHABLE_CODE = YES;
				CLANG_WARN__DUPLICATE_METHOD_MATCH = YES;
				COPY_PHASE_STRIP = NO;
				DEBUG_INFORMATION_FORMAT = dwarf;
				ENABLE_STRICT_OBJC_MSGSEND = YES;
				ENABLE_TESTABILITY = YES;
				ENABLE_USER_SCRIPT_SANDBOXING = YES;
				GCC_C_LANGUAGE_STANDARD = gnu17;
				GCC_DYNAMIC_NO_PIC = NO;
				GCC_NO_COMMON_BLOCKS = YES;
				GCC_OPTIMIZATION_LEVEL = 0;
				GCC_PREPROCESSOR_DEFINITIONS = (
					"DEBUG=1",
					"$(inherited)",
				);
				GCC_WARN_64_TO_32_BIT_CONVERSION = YES;
				GCC_WARN_ABOUT_RETURN_TYPE = YES_ERROR;
				GCC_WARN_UNDECLARED_SELECTOR = YES;
				GCC_WARN_UNINITIALIZED_AUTOS = YES_AGGRESSIVE;
				GCC_WARN_UNUSED_FUNCTION = YES;
				GCC_WARN_UNUSED_VARIABLE = YES;
				IPHONEOS_DEPLOYMENT_TARGET = 17.0;
				LOCALIZATION_PREFERS_STRING_CATALOGS = YES;
				MTL_ENABLE_DEBUG_INFO = INCLUDE_SOURCE;
				MTL_FAST_MATH = YES;
				ONLY_ACTIVE_ARCH = YES;
				SDKROOT = iphoneos;
				SWIFT_ACTIVE_COMPILATION_CONDITIONS = "DEBUG $(inherited)";
				SWIFT_OPTIMIZATION_LEVEL = "-Onone";
			};
			name = Debug;
		};
		AA0013002 /* Release */ = {
			isa = XCBuildConfiguration;
			buildSettings = {
				ALWAYS_SEARCH_USER_PATHS = NO;
				ASSETCATALOG_COMPILER_GENERATE_SWIFT_ASSET_SYMBOL_EXTENSIONS = YES;
				CLANG_ANALYZER_NONNULL = YES;
				CLANG_ANALYZER_NUMBER_OBJECT_CONVERSION = YES_AGGRESSIVE;
				CLANG_CXX_LANGUAGE_STANDARD = "gnu++20";
				CLANG_ENABLE_MODULES = YES;
				CLANG_ENABLE_OBJC_ARC = YES;
				CLANG_ENABLE_OBJC_WEAK = YES;
				CLANG_WARN_BLOCK_CAPTURE_AUTORELEASING = YES;
				CLANG_WARN_BOOL_CONVERSION = YES;
				CLANG_WARN_COMMA = YES;
				CLANG_WARN_CONSTANT_CONVERSION = YES;
				CLANG_WARN_DEPRECATED_OBJC_IMPLEMENTATIONS = YES;
				CLANG_WARN_DIRECT_OBJC_ISA_USAGE = YES_ERROR;
				CLANG_WARN_DOCUMENTATION_COMMENTS = YES;
				CLANG_WARN_EMPTY_BODY = YES;
				CLANG_WARN_ENUM_CONVERSION = YES;
				CLANG_WARN_INFINITE_RECURSION = YES;
				CLANG_WARN_INT_CONVERSION = YES;
				CLANG_WARN_NON_LITERAL_NULL_CONVERSION = YES;
				CLANG_WARN_OBJC_IMPLICIT_RETAIN_SELF = YES;
				CLANG_WARN_OBJC_LITERAL_CONVERSION = YES;
				CLANG_WARN_OBJC_ROOT_CLASS = YES_ERROR;
				CLANG_WARN_QUOTED_INCLUDE_IN_FRAMEWORK_HEADER = YES;
				CLANG_WARN_RANGE_LOOP_ANALYSIS = YES;
				CLANG_WARN_STRICT_PROTOTYPES = YES;
				CLANG_WARN_SUSPICIOUS_MOVE = YES;
				CLANG_WARN_UNGUARDED_AVAILABILITY = YES_AGGRESSIVE;
				CLANG_WARN_UNREACHABLE_CODE = YES;
				CLANG_WARN__DUPLICATE_METHOD_MATCH = YES;
				COPY_PHASE_STRIP = NO;
				DEBUG_INFORMATION_FORMAT = "dwarf-with-dsym";
				ENABLE_NS_ASSERTIONS = NO;
				ENABLE_STRICT_OBJC_MSGSEND = YES;
				ENABLE_USER_SCRIPT_SANDBOXING = YES;
				GCC_C_LANGUAGE_STANDARD = gnu17;
				GCC_NO_COMMON_BLOCKS = YES;
				GCC_WARN_64_TO_32_BIT_CONVERSION = YES;
				GCC_WARN_ABOUT_RETURN_TYPE = YES_ERROR;
				GCC_WARN_UNDECLARED_SELECTOR = YES;
				GCC_WARN_UNINITIALIZED_AUTOS = YES_AGGRESSIVE;
				GCC_WARN_UNUSED_FUNCTION = YES;
				GCC_WARN_UNUSED_VARIABLE = YES;
				IPHONEOS_DEPLOYMENT_TARGET = 17.0;
				LOCALIZATION_PREFERS_STRING_CATALOGS = YES;
				MTL_ENABLE_DEBUG_INFO = NO;
				MTL_FAST_MATH = YES;
				SDKROOT = iphoneos;
				SWIFT_COMPILATION_MODE = wholemodule;
				VALIDATE_PRODUCT = YES;
			};
			name = Release;
		};
		AA0014001 /* Debug */ = {
			isa = XCBuildConfiguration;
			buildSettings = {
				ASSETCATALOG_COMPILER_APPICON_NAME = AppIcon;
				ASSETCATALOG_COMPILER_GLOBAL_ACCENT_COLOR_NAME = AccentColor;
				CODE_SIGN_ENTITLEMENTS = FindMe/FindMe.entitlements;
				CODE_SIGN_STYLE = Automatic;
				CURRENT_PROJECT_VERSION = 1;
				DEVELOPMENT_ASSET_PATHS = "\"FindMe/Preview Content\"";
				DEVELOPMENT_TEAM = QGAQ3AY3R3;
				ENABLE_PREVIEWS = YES;
				GENERATE_INFOPLIST_FILE = YES;
				INFOPLIST_FILE = FindMe/Info.plist;
				INFOPLIST_KEY_CFBundleDisplayName = FindMe;
				INFOPLIST_KEY_LSApplicationCategoryType = "public.app-category.social-networking";
				INFOPLIST_KEY_NSLocationWhenInUseUsageDescription = "현재 위치를 사용하여 내 위치를 설정합니다";
				INFOPLIST_KEY_NSPhotoLibraryAddUsageDescription = "QR 코드 이미지를 저장합니다";
				INFOPLIST_KEY_UIApplicationSceneManifest_Generation = YES;
				INFOPLIST_KEY_UIApplicationSupportsIndirectInputEvents = YES;
				INFOPLIST_KEY_UILaunchScreen_Generation = YES;
				INFOPLIST_KEY_UISupportedInterfaceOrientations_iPad = "UIInterfaceOrientationPortrait UIInterfaceOrientationPortraitUpsideDown UIInterfaceOrientationLandscapeLeft UIInterfaceOrientationLandscapeRight";
				INFOPLIST_KEY_UISupportedInterfaceOrientations_iPhone = "UIInterfaceOrientationPortrait UIInterfaceOrientationLandscapeLeft UIInterfaceOrientationLandscapeRight";
				LD_RUNPATH_SEARCH_PATHS = (
					"$(inherited)",
					"@executable_path/Frameworks",
				);
				MARKETING_VERSION = 1.0;
				PRODUCT_BUNDLE_IDENTIFIER = com.leeo.FindMe;
				PRODUCT_NAME = "$(TARGET_NAME)";
				SWIFT_EMIT_LOC_STRINGS = YES;
				SWIFT_VERSION = 5.0;
				TARGETED_DEVICE_FAMILY = "1,2";
			};
			name = Debug;
		};
		AA0014002 /* Release */ = {
			isa = XCBuildConfiguration;
			buildSettings = {
				ASSETCATALOG_COMPILER_APPICON_NAME = AppIcon;
				ASSETCATALOG_COMPILER_GLOBAL_ACCENT_COLOR_NAME = AccentColor;
				CODE_SIGN_ENTITLEMENTS = FindMe/FindMe.entitlements;
				CODE_SIGN_STYLE = Automatic;
				CURRENT_PROJECT_VERSION = 1;
				DEVELOPMENT_ASSET_PATHS = "\"FindMe/Preview Content\"";
				DEVELOPMENT_TEAM = QGAQ3AY3R3;
				ENABLE_PREVIEWS = YES;
				GENERATE_INFOPLIST_FILE = YES;
				INFOPLIST_FILE = FindMe/Info.plist;
				INFOPLIST_KEY_CFBundleDisplayName = FindMe;
				INFOPLIST_KEY_LSApplicationCategoryType = "public.app-category.social-networking";
				INFOPLIST_KEY_NSLocationWhenInUseUsageDescription = "현재 위치를 사용하여 내 위치를 설정합니다";
				INFOPLIST_KEY_NSPhotoLibraryAddUsageDescription = "QR 코드 이미지를 저장합니다";
				INFOPLIST_KEY_UIApplicationSceneManifest_Generation = YES;
				INFOPLIST_KEY_UIApplicationSupportsIndirectInputEvents = YES;
				INFOPLIST_KEY_UILaunchScreen_Generation = YES;
				INFOPLIST_KEY_UISupportedInterfaceOrientations_iPad = "UIInterfaceOrientationPortrait UIInterfaceOrientationPortraitUpsideDown UIInterfaceOrientationLandscapeLeft UIInterfaceOrientationLandscapeRight";
				INFOPLIST_KEY_UISupportedInterfaceOrientations_iPhone = "UIInterfaceOrientationPortrait UIInterfaceOrientationLandscapeLeft UIInterfaceOrientationLandscapeRight";
				LD_RUNPATH_SEARCH_PATHS = (
					"$(inherited)",
					"@executable_path/Frameworks",
				);
				MARKETING_VERSION = 1.0;
				PRODUCT_BUNDLE_IDENTIFIER = com.leeo.FindMe;
				PRODUCT_NAME = "$(TARGET_NAME)";
				SWIFT_EMIT_LOC_STRINGS = YES;
				SWIFT_VERSION = 5.0;
				TARGETED_DEVICE_FAMILY = "1,2";
			};
			name = Release;
		};
		BB0014001 /* Debug */ = {
			isa = XCBuildConfiguration;
			buildSettings = {
				ASSETCATALOG_COMPILER_APPICON_NAME = AppIcon;
				ASSETCATALOG_COMPILER_GLOBAL_ACCENT_COLOR_NAME = AccentColor;
				CODE_SIGN_ENTITLEMENTS = FindMeClip/FindMeClip.entitlements;
				CODE_SIGN_STYLE = Automatic;
				CURRENT_PROJECT_VERSION = 1;
				DEVELOPMENT_TEAM = QGAQ3AY3R3;
				GENERATE_INFOPLIST_FILE = YES;
				INFOPLIST_FILE = FindMeClip/Info.plist;
				INFOPLIST_KEY_CFBundleDisplayName = FindMe;
				INFOPLIST_KEY_UIApplicationSceneManifest_Generation = YES;
				INFOPLIST_KEY_UIApplicationSupportsIndirectInputEvents = YES;
				INFOPLIST_KEY_UILaunchScreen_Generation = YES;
				INFOPLIST_KEY_UISupportedInterfaceOrientations_iPad = "UIInterfaceOrientationPortrait UIInterfaceOrientationPortraitUpsideDown UIInterfaceOrientationLandscapeLeft UIInterfaceOrientationLandscapeRight";
				INFOPLIST_KEY_UISupportedInterfaceOrientations_iPhone = "UIInterfaceOrientationPortrait UIInterfaceOrientationLandscapeLeft UIInterfaceOrientationLandscapeRight";
				LD_RUNPATH_SEARCH_PATHS = (
					"$(inherited)",
					"@executable_path/Frameworks",
				);
				MARKETING_VERSION = 1.0;
				PRODUCT_BUNDLE_IDENTIFIER = com.leeo.FindMe.Clip;
				PRODUCT_NAME = "$(TARGET_NAME)";
				SWIFT_EMIT_LOC_STRINGS = YES;
				SWIFT_VERSION = 5.0;
				TARGETED_DEVICE_FAMILY = "1,2";
			};
			name = Debug;
		};
		BB0014002 /* Release */ = {
			isa = XCBuildConfiguration;
			buildSettings = {
				ASSETCATALOG_COMPILER_APPICON_NAME = AppIcon;
				ASSETCATALOG_COMPILER_GLOBAL_ACCENT_COLOR_NAME = AccentColor;
				CODE_SIGN_ENTITLEMENTS = FindMeClip/FindMeClip.entitlements;
				CODE_SIGN_STYLE = Automatic;
				CURRENT_PROJECT_VERSION = 1;
				DEVELOPMENT_TEAM = QGAQ3AY3R3;
				GENERATE_INFOPLIST_FILE = YES;
				INFOPLIST_FILE = FindMeClip/Info.plist;
				INFOPLIST_KEY_CFBundleDisplayName = FindMe;
				INFOPLIST_KEY_UIApplicationSceneManifest_Generation = YES;
				INFOPLIST_KEY_UIApplicationSupportsIndirectInputEvents = YES;
				INFOPLIST_KEY_UILaunchScreen_Generation = YES;
				INFOPLIST_KEY_UISupportedInterfaceOrientations_iPad = "UIInterfaceOrientationPortrait UIInterfaceOrientationPortraitUpsideDown UIInterfaceOrientationLandscapeLeft UIInterfaceOrientationLandscapeRight";
				INFOPLIST_KEY_UISupportedInterfaceOrientations_iPhone = "UIInterfaceOrientationPortrait UIInterfaceOrientationLandscapeLeft UIInterfaceOrientationLandscapeRight";
				LD_RUNPATH_SEARCH_PATHS = (
					"$(inherited)",
					"@executable_path/Frameworks",
				);
				MARKETING_VERSION = 1.0;
				PRODUCT_BUNDLE_IDENTIFIER = com.leeo.FindMe.Clip;
				PRODUCT_NAME = "$(TARGET_NAME)";
				SWIFT_EMIT_LOC_STRINGS = YES;
				SWIFT_VERSION = 5.0;
				TARGETED_DEVICE_FAMILY = "1,2";
			};
			name = Release;
		};
/* End XCBuildConfiguration section */

/* Begin XCConfigurationList section */
		AA0010001 /* Build configuration list for PBXNativeTarget "FindMe" */ = {
			isa = XCConfigurationList;
			buildConfigurations = (
				AA0014001 /* Debug */,
				AA0014002 /* Release */,
			);
			defaultConfigurationIsVisible = 0;
			defaultConfigurationName = Release;
		};
		AA0010002 /* Build configuration list for PBXProject "FindMe" */ = {
			isa = XCConfigurationList;
			buildConfigurations = (
				AA0013001 /* Debug */,
				AA0013002 /* Release */,
			);
			defaultConfigurationIsVisible = 0;
			defaultConfigurationName = Release;
		};
		BB0010001 /* Build configuration list for PBXNativeTarget "FindMeClip" */ = {
			isa = XCConfigurationList;
			buildConfigurations = (
				BB0014001 /* Debug */,
				BB0014002 /* Release */,
			);
			defaultConfigurationIsVisible = 0;
			defaultConfigurationName = Release;
		};
/* End XCConfigurationList section */
	};
	rootObject = AA0005001 /* Project object */;
}
